
Microsoft Visual Studio Solution File, Format Version 12.00
# Visual Studio 15
VisualStudioVersion = 15.0.27130.2020
MinimumVisualStudioVersion = 10.0.40219.1
Project("{9A19103F-16F7-4668-BE54-9A1E7A4F7556}") = "BusterWood.Business", "BusterWood.Business\BusterWood.Business.csproj", "{B4DE288A-062D-454B-96C9-1E7F8602D7FD}"
EndProject
Project("{2150E333-8FDC-42A3-9474-1A3956D46DE8}") = "Solution", "Solution", "{428E07B5-58F6-49DF-898D-9B850E65C30B}"
	ProjectSection(SolutionItems) = preProject
		sample.txt = sample.txt
	EndProjectSection
EndProject
Project("{FAE04EC0-301F-11D3-BF4B-00C04F79EFBC}") = "Business.Tests", "Business.Tests\Business.Tests.csproj", "{1BD65AE1-13D0-442F-9176-2BEE890EE8A8}"
EndProject
Global
	GlobalSection(SolutionConfigurationPlatforms) = preSolution
		Debug|Any CPU = Debug|Any CPU
		Release|Any CPU = Release|Any CPU
	EndGlobalSection
	GlobalSection(ProjectConfigurationPlatforms) = postSolution
		{B4DE288A-062D-454B-96C9-1E7F8602D7FD}.Debug|Any CPU.ActiveCfg = Debug|Any CPU
		{B4DE288A-062D-454B-96C9-1E7F8602D7FD}.Debug|Any CPU.Build.0 = Debug|Any CPU
		{B4DE288A-062D-454B-96C9-1E7F8602D7FD}.Release|Any CPU.ActiveCfg = Release|Any CPU
		{B4DE288A-062D-454B-96C9-1E7F8602D7FD}.Release|Any CPU.Build.0 = Release|Any CPU
		{1BD65AE1-13D0-442F-9176-2BEE890EE8A8}.Debug|Any CPU.ActiveCfg = Debug|Any CPU
		{1BD65AE1-13D0-442F-9176-2BEE890EE8A8}.Debug|Any CPU.Build.0 = Debug|Any CPU
		{1BD65AE1-13D0-442F-9176-2BEE890EE8A8}.Release|Any CPU.ActiveCfg = Release|Any CPU
		{1BD65AE1-13D0-442F-9176-2BEE890EE8A8}.Release|Any CPU.Build.0 = Release|Any CPU
	EndGlobalSection
	GlobalSection(SolutionProperties) = preSolution
		HideSolutionNode = FALSE
	EndGlobalSection
	GlobalSection(ExtensibilityGlobals) = postSolution
		SolutionGuid = {4EEC7CB9-8F33-4EB7-BCC7-D5B47A17D794}
	EndGlobalSection
EndGlobal
